<?xml version="1.0" encoding="utf-8"?>
<Project ToolsVersion="4.0" xmlns="http://schemas.microsoft.com/developer/msbuild/2003">
  <ItemGroup>
    <Filter Include="JumboEngine">
      <UniqueIdentifier>{1837AF64-84EC-275A-0DE1-213179951E5E}</UniqueIdentifier>
    </Filter>
    <Filter Include="JumboEngine\Events">
      <UniqueIdentifier>{FCF72C80-E8DB-EDD5-513C-E8283D3FD857}</UniqueIdentifier>
    </Filter>
    <Filter Include="JumboEngine\ImGui">
      <UniqueIdentifier>{429E7A59-AEB4-78EF-F72B-041163814977}</UniqueIdentifier>
    </Filter>
    <Filter Include="Platform">
      <UniqueIdentifier>{2AC788B4-1694-E3BF-3FAD-D1672BD9184E}</UniqueIdentifier>
    </Filter>
    <Filter Include="Platform\OpenGL">
      <UniqueIdentifier>{1E7D2C1D-8A08-9AE1-9319-1DD6FF23F6E1}</UniqueIdentifier>
    </Filter>
    <Filter Include="Platform\Windows">
      <UniqueIdentifier>{64FBD71A-50F4-F66C-7926-DCF1657ED678}</UniqueIdentifier>
    </Filter>
  </ItemGroup>
  <ItemGroup>
    <ClInclude Include="src\Jumbo.h" />
    <ClInclude Include="src\JumboEngine\Application.h">
      <Filter>JumboEngine</Filter>
    </ClInclude>
    <ClInclude Include="src\JumboEngine\Core.h">
      <Filter>JumboEngine</Filter>
    </ClInclude>
    <ClInclude Include="src\JumboEngine\EntryPoint.h">
      <Filter>JumboEngine</Filter>
    </ClInclude>
    <ClInclude Include="src\JumboEngine\Events\ApplicationEvent.h">
      <Filter>JumboEngine\Events</Filter>
    </ClInclude>
    <ClInclude Include="src\JumboEngine\Events\Event.h">
      <Filter>JumboEngine\Events</Filter>
    </ClInclude>
    <ClInclude Include="src\JumboEngine\Events\KeyEvent.h">
      <Filter>JumboEngine\Events</Filter>
    </ClInclude>
    <ClInclude Include="src\JumboEngine\Events\MouseEvent.h">
      <Filter>JumboEngine\Events</Filter>
    </ClInclude>
    <ClInclude Include="src\JumboEngine\ImGui\ImGuiLayer.h">
      <Filter>JumboEngine\ImGui</Filter>
    </ClInclude>
    <ClInclude Include="src\JumboEngine\Layer.h">
      <Filter>JumboEngine</Filter>
    </ClInclude>
    <ClInclude Include="src\JumboEngine\LayerStack.h">
      <Filter>JumboEngine</Filter>
    </ClInclude>
    <ClInclude Include="src\JumboEngine\Log.h">
      <Filter>JumboEngine</Filter>
    </ClInclude>
    <ClInclude Include="src\JumboEngine\Window.h">
      <Filter>JumboEngine</Filter>
    </ClInclude>
    <ClInclude Include="src\Platform\Windows\WindowsWindow.h">
      <Filter>Platform\Windows</Filter>
    </ClInclude>
    <ClInclude Include="src\jbpch.h" />
    <ClInclude Include="src\Platform\OpenGL\ImGuiOpenGLRenderer.h">
      <Filter>Platform\OpenGL</Filter>
    </ClInclude>
  </ItemGroup>
  <ItemGroup>
    <ClCompile Include="src\JumboEngine\Application.cpp">
      <Filter>JumboEngine</Filter>
    </ClCompile>
    <ClCompile Include="src\JumboEngine\ImGui\ImGuiLayer.cpp">
      <Filter>JumboEngine\ImGui</Filter>
    </ClCompile>
    <ClCompile Include="src\JumboEngine\Layer.cpp">
      <Filter>JumboEngine</Filter>
    </ClCompile>
    <ClCompile Include="src\JumboEngine\LayerStack.cpp">
      <Filter>JumboEngine</Filter>
    </ClCompile>
    <ClCompile Include="src\JumboEngine\Log.cpp">
      <Filter>JumboEngine</Filter>
    </ClCompile>
    <ClCompile Include="src\Platform\Windows\WindowsWindow.cpp">
      <Filter>Platform\Windows</Filter>
    </ClCompile>
    <ClCompile Include="src\jbpch.cpp" />
    <ClCompile Include="src\Platform\OpenGL\ImGuiOpenGLRenderer.cpp">
      <Filter>Platform\OpenGL</Filter>
    </ClCompile>
  </ItemGroup>
</Project>